cloud.google.com/go/compute v1.21.0 h1:JNBsyXVoOoNJtTQcnEY5uYpZIbeCTYIeDe0Xh1bySMk=
cloud.google.com/go/compute v1.21.0/go.mod h1:4tCnrn48xsqlwSAiLf1HXMQk8CONslYbdiEZc9FEIbM=
cloud.google.com/go/compute/metadata v0.2.3 h1:mg4jlk7mCAj6xXp9UJ4fjI9VUI5rubuGBW5aJ7UnBMY=
cloud.google.com/go/compute/metadata v0.2.3/go.mod h1:VAV5nSsACxMJvgaAuX6Pk2AawlZn8kiOGuCv6gTkwuA=
github.com/cenkalti/backoff/v4 v4.2.1 h1:y4OZtCnogmCPw98Zjyt5a6+QwPLGkiQsYW5oUqylYbM=
github.com/cenkalti/backoff/v4 v4.2.1/go.mod h1:Y3VNntkOUPxTVeUxJ/G5vcM//AlwfmyYozVcomhLiZE=
github.com/cncf/xds/go v0.0.0-20230607035331-e9ce68804cb4 h1:/inchEIKaYC1Akx+H+gqO04wryn5h75LSazbRlnya1k=
github.com/cncf/xds/go v0.0.0-20230607035331-e9ce68804cb4/go.mod h1:eXthEFrGJvWHgFFCl3hGmgk+/aYT6PnTQLykKQRLhEs=
github.com/davecgh/go-spew v1.1.1 h1:vj9j/u1bqnvCEfJOwUhtlOARqs3+rkHYY13jYWTU97c=
github.com/davecgh/go-spew v1.1.1/go.mod h1:J7Y8YcW2NihsgmVo/mv3lAwl/skON4iLHjSsI+c5H38=
github.com/envoyproxy/protoc-gen-validate v1.0.2 h1:QkIBuU5k+x7/QXPvPPnWXWlCdaBFApVqftFV6k087DA=
github.com/envoyproxy/protoc-gen-validate v1.0.2/go.mod h1:GpiZQP3dDbg4JouG/NNS7QWXpgx6x8QiMKdmN72jogE=
github.com/go-logr/logr v1.2.2/go.mod h1:jdQByPbusPIv2/zmleS9BjJVeZ6kBagPoEUsqbVz/1A=
github.com/go-logr/logr v1.2.4 h1:g01GSCwiDw2xSZfjJ2/T9M+S6pFdcNtFYsp+Y43HYDQ=
github.com/go-logr/logr v1.2.4/go.mod h1:jdQByPbusPIv2/zmleS9BjJVeZ6kBagPoEUsqbVz/1A=
github.com/go-logr/stdr v1.2.2 h1:hSWxHoqTgW2S2qGc0LTAI563KZ5YKYRhT3MFKZMbjag=
github.com/go-logr/stdr v1.2.2/go.mod h1:mMo/vtBO5dYbehREoey6XUKy/eSumjCCveDpRre4VKE=
github.com/golang/glog v1.1.1 h1:jxpi2eWoU84wbX9iIEyAeeoac3FLuifZpY9tcNUD9kw=
github.com/golang/glog v1.1.1/go.mod h1:zR+okUeTbrL6EL3xHUDxZuEtGv04p5shwip1+mL/rLQ=
github.com/golang/protobuf v1.5.0/go.mod h1:FsONVRAS9T7sI+LIUmWTfcYkHO4aIWwzhcaSAoJOfIk=
github.com/golang/protobuf v1.5.3 h1:KhyjKVUg7Usr/dYsdSqoFveMYd5ko72D+zANwlG1mmg=
github.com/golang/protobuf v1.5.3/go.mod h1:XVQd3VNwM+JqD3oG2Ue2ip4fOMUkwXdXDdiuN0vRsmY=
github.com/google/go-cmp v0.5.5/go.mod h1:v8dTdLbMG2kIc/vJvl+f65V22dbkXbowE6jgT/gNBxE=
github.com/google/go-cmp v0.5.9 h1:O2Tfq5qg4qc4AmwVlvv0oLiVAGB7enBSJ2x2DqQFi38=
github.com/google/go-cmp v0.5.9/go.mod h1:17dUlkBOakJ0+DkrSSNjCkIjxS6bF9zb3elmeNGIjoY=
github.com/grpc-ecosystem/grpc-gateway/v2 v2.18.0 h1:RtRsiaGvWxcwd8y3BiRZxsylPT8hLWZ5SPcfI+3IDNk=
github.com/grpc-ecosystem/grpc-gateway/v2 v2.18.0/go.mod h1:TzP6duP4Py2pHLVPPQp42aoYI92+PCrVotyR5e8Vqlk=
github.com/pmezard/go-difflib v1.0.0 h1:4DBwDE0NGyQoBHbLQYPwSUPoCMWR5BEzIk/f1lZbAQM=
github.com/pmezard/go-difflib v1.0.0/go.mod h1:iKH77koFhYxTK1pcRnkKkqfTogsbg7gZNVY4sRDYZ/4=
github.com/stretchr/objx v0.5.0 h1:1zr/of2m5FGMsad5YfcqgdqdWrIhu+EBEJRhR1U7z/c=
github.com/stretchr/objx v0.5.0/go.mod h1:Yh+to48EsGEfYuaHDzXPcE3xhTkx73EhmCGUpEOglKo=
github.com/stretchr/testify v1.8.4 h1:CcVxjf3Q8PM0mHUKJCdn+eZZtm5yQwehR5yeSVQQcUk=
github.com/stretchr/testify v1.8.4/go.mod h1:sz/lmYIOXD/1dqDmKjjqLyZ2RngseejIcXlSw2iwfAo=
github.com/uptrace/uptrace-go v1.18.0 h1:RY15qy19C0irbe2UCxQbjenk8WyUdvUV756R9ZpqCGI=
github.com/uptrace/uptrace-go v1.18.0/go.mod h1:BUW3sFgEyRmZIxts4cv6TGaJnWAW95uW78GIiSdChOQ=
go.opentelemetry.io/contrib/instrumentation/google.golang.org/grpc/otelgrpc v0.42.0 h1:ZOLJc06r4CB42laIXg/7udr0pbZyuAihN10A/XuiQRY=
go.opentelemetry.io/contrib/instrumentation/google.golang.org/grpc/otelgrpc v0.42.0/go.mod h1:5z+/ZWJQKXa9YT34fQNx5K8Hd1EoIhvtUygUQPqEOgQ=
go.opentelemetry.io/contrib/instrumentation/runtime v0.44.0 h1:TXu20nL4yYfJlQeqG/D3Ia6b0p2HZmLfJto9hqJTQ/c=
go.opentelemetry.io/contrib/instrumentation/runtime v0.44.0/go.mod h1:tQ5gBnfjndV1su3+DiLuu6rnd9hBBzg4rkRILnjSNFg=
go.opentelemetry.io/otel v1.18.0 h1:TgVozPGZ01nHyDZxK5WGPFB9QexeTMXEH7+tIClWfzs=
go.opentelemetry.io/otel v1.18.0/go.mod h1:9lWqYO0Db579XzVuCKFNPDl4s73Voa+zEck3wHaAYQI=
go.opentelemetry.io/otel/exporters/jaeger v1.17.0 h1:D7UpUy2Xc2wsi1Ras6V40q806WM07rqoCWzXu7Sqy+4=
go.opentelemetry.io/otel/exporters/jaeger v1.17.0/go.mod h1:nPCqOnEH9rNLKqH/+rrUjiMzHJdV1BlpKcTwRTyKkKI=
go.opentelemetry.io/otel/exporters/otlp/otlpmetric v0.41.0 h1:k0k7hFNDd8K4iOMJXj7s8sHaC4mhTlAeppRmZXLgZ6k=
go.opentelemetry.io/otel/exporters/otlp/otlpmetric v0.41.0/go.mod h1:hG4Fj/y8TR/tlEDREo8tWstl9fO9gcFkn4xrx0Io8xU=
go.opentelemetry.io/otel/exporters/otlp/otlpmetric/otlpmetricgrpc v0.41.0 h1:HgbDTD8pioFdY3NRc/YCvsWjqQPtweGyXxa32LgnTOw=
go.opentelemetry.io/otel/exporters/otlp/otlpmetric/otlpmetricgrpc v0.41.0/go.mod h1:tmvt/yK5Es5d6lHYWerLSOna8lCEfrBVX/a9M0ggqss=
go.opentelemetry.io/otel/exporters/otlp/otlptrace v1.18.0 h1:IAtl+7gua134xcV3NieDhJHjjOVeJhXAnYf/0hswjUY=
go.opentelemetry.io/otel/exporters/otlp/otlptrace v1.18.0/go.mod h1:w+pXobnBzh95MNIkeIuAKcHe/Uu/CX2PKIvBP6ipKRA=
go.opentelemetry.io/otel/exporters/otlp/otlptrace/otlptracegrpc v1.18.0 h1:yE32ay7mJG2leczfREEhoW3VfSZIvHaB+gvVo1o8DQ8=
go.opentelemetry.io/otel/exporters/otlp/otlptrace/otlptracegrpc v1.18.0/go.mod h1:G17FHPDLt74bCI7tJ4CMitEk4BXTYG4FW6XUpkPBXa4=
go.opentelemetry.io/otel/exporters/stdout/stdouttrace v1.18.0 h1:hSWWvDjXHVLq9DkmB+77fl8v7+t+yYiS+eNkiplDK54=
go.opentelemetry.io/otel/exporters/stdout/stdouttrace v1.18.0/go.mod h1:zG7KQql1WjZCaUJd+L/ReSYx4bjbYJxg5ws9ws+mYes=
go.opentelemetry.io/otel/metric v1.18.0 h1:JwVzw94UYmbx3ej++CwLUQZxEODDj/pOuTCvzhtRrSQ=
go.opentelemetry.io/otel/metric v1.18.0/go.mod h1:nNSpsVDjWGfb7chbRLUNW+PBNdcSTHD4Uu5pfFMOI0k=
go.opentelemetry.io/otel/sdk v1.18.0 h1:e3bAB0wB3MljH38sHzpV/qWrOTCFrdZF2ct9F8rBkcY=
go.opentelemetry.io/otel/sdk v1.18.0/go.mod h1:1RCygWV7plY2KmdskZEDDBs4tJeHG92MdHZIluiYs/M=
go.opentelemetry.io/otel/sdk/metric v0.41.0 h1:c3sAt9/pQ5fSIUfl0gPtClV3HhE18DCVzByD33R/zsk=
go.opentelemetry.io/otel/sdk/metric v0.41.0/go.mod h1:PmOmSt+iOklKtIg5O4Vz9H/ttcRFSNTgii+E1KGyn1w=
go.opentelemetry.io/otel/trace v1.18.0 h1:NY+czwbHbmndxojTEKiSMHkG2ClNH2PwmcHrdo0JY10=
go.opentelemetry.io/otel/trace v1.18.0/go.mod h1:T2+SGJGuYZY3bjj5rgh/hN7KIrlpWC5nS8Mjvzckz+0=
go.opentelemetry.io/proto/otlp v1.0.0 h1:T0TX0tmXU8a3CbNXzEKGeU5mIVOdf0oykP+u2lIVU/I=
go.opentelemetry.io/proto/otlp v1.0.0/go.mod h1:Sy6pihPLfYHkr3NkUbEhGHFhINUSI/v80hjKIs5JXpM=
go.uber.org/goleak v1.2.1 h1:NBol2c7O1ZokfZ0LEU9K6Whx/KnwvepVetCUhtKja4A=
go.uber.org/goleak v1.2.1/go.mod h1:qlT2yGI9QafXHhZZLxlSuNsMw3FFLxBr+tBRlmO1xH4=
golang.org/x/net v0.15.0 h1:ugBLEUaxABaB5AJqW9enI0ACdci2RUd4eP51NTBvuJ8=
golang.org/x/net v0.15.0/go.mod h1:idbUs1IY1+zTqbi8yxTbhexhEEk5ur9LInksu6HrEpk=
golang.org/x/oauth2 v0.12.0 h1:smVPGxink+n1ZI5pkQa8y6fZT0RW0MgCO5bFpepy4B4=
golang.org/x/oauth2 v0.12.0/go.mod h1:A74bZ3aGXgCY0qaIC9Ahg6Lglin4AMAco8cIv9baba4=
golang.org/x/sys v0.12.0 h1:CM0HF96J0hcLAwsHPJZjfdNzs0gftsLfgKt57wWHJ0o=
golang.org/x/sys v0.12.0/go.mod h1:oPkhp1MJrh7nUepCBck5+mAzfO9JrbApNNgaTdGDITg=
golang.org/x/text v0.13.0 h1:ablQoSUd0tRdKxZewP80B+BaqeKJuVhuRxj/dkrun3k=
golang.org/x/text v0.13.0/go.mod h1:TvPlkZtksWOMsz7fbANvkp4WM8x/WCo/om8BMLbz+aE=
golang.org/x/xerrors v0.0.0-20191204190536-9bdfabe68543/go.mod h1:I/5z698sn9Ka8TeJc9MKroUUfqBBauWjQqLJ2OPfmY0=
google.golang.org/appengine v1.6.7 h1:FZR1q0exgwxzPzp/aF+VccGrSfxfPpkBqjIIEq3ru6c=
google.golang.org/appengine v1.6.7/go.mod h1:8WjMMxjGQR8xUklV/ARdw2HLXBOI7O7uCIDZVag1xfc=
google.golang.org/genproto v0.0.0-20230913181813-007df8e322eb h1:XFBgcDwm7irdHTbz4Zk2h7Mh+eis4nfJEFQFYzJzuIA=
google.golang.org/genproto v0.0.0-20230913181813-007df8e322eb/go.mod h1:yZTlhN0tQnXo3h00fuXNCxJdLdIdnVFVBaRJ5LWBbw4=
google.golang.org/genproto/googleapis/api v0.0.0-20230920204549-e6e6cdab5c13 h1:U7+wNaVuSTaUqNvK2+osJ9ejEZxbjHHk8F2b6Hpx0AE=
google.golang.org/genproto/googleapis/api v0.0.0-20230920204549-e6e6cdab5c13/go.mod h1:RdyHbowztCGQySiCvQPgWQWgWhGnouTdCflKoDBt32U=
google.golang.org/genproto/googleapis/rpc v0.0.0-20230920204549-e6e6cdab5c13 h1:N3bU/SQDCDyD6R528GJ/PwW9KjYcJA3dgyH+MovAkIM=
google.golang.org/genproto/googleapis/rpc v0.0.0-20230920204549-e6e6cdab5c13/go.mod h1:KSqppvjFjtoCI+KGd4PELB0qLNxdJHRGqRI09mB6pQA=
google.golang.org/grpc v1.58.2 h1:SXUpjxeVF3FKrTYQI4f4KvbGD5u2xccdYdurwowix5I=
google.golang.org/grpc v1.58.2/go.mod h1:tgX3ZQDlNJGU96V6yHh1T/JeoBQ2TXdr43YbYSsCJk0=
google.golang.org/protobuf v1.26.0-rc.1/go.mod h1:jlhhOSvTdKEhbULTjvd4ARK9grFBp09yW+WbY/TyQbw=
google.golang.org/protobuf v1.26.0/go.mod h1:9q0QmTI4eRPtz6boOQmLYwt+qCgq0jsYwAQnmE0givc=
google.golang.org/protobuf v1.31.0 h1:g0LDEJHgrBl9N9r17Ru3sqWhkIx2NB67okBHPwC7hs8=
google.golang.org/protobuf v1.31.0/go.mod h1:HV8QOd/L58Z+nl8r43ehVNZIU/HEI6OcFqwMG9pJV4I=
gopkg.in/yaml.v3 v3.0.1 h1:fxVm/GzAzEWqLHuvctI91KS9hhNmmWOoWu0XTYJS7CA=
gopkg.in/yaml.v3 v3.0.1/go.mod h1:K4uyk7z7BCEPqu6E+C64Yfv1cQ7kz7rIZviUmN+EgEM=
