github.com/cenkalti/backoff/v4 v4.2.1 h1:y4OZtCnogmCPw98Zjyt5a6+QwPLGkiQsYW5oUqylYbM=
github.com/cenkalti/backoff/v4 v4.2.1/go.mod h1:Y3VNntkOUPxTVeUxJ/G5vcM//AlwfmyYozVcomhLiZE=
github.com/davecgh/go-spew v1.1.0/go.mod h1:J7Y8YcW2NihsgmVo/mv3lAwl/skON4iLHjSsI+c5H38=
github.com/davecgh/go-spew v1.1.1 h1:vj9j/u1bqnvCEfJOwUhtlOARqs3+rkHYY13jYWTU97c=
github.com/davecgh/go-spew v1.1.1/go.mod h1:J7Y8YcW2NihsgmVo/mv3lAwl/skON4iLHjSsI+c5H38=
github.com/go-logr/logr v1.2.2/go.mod h1:jdQByPbusPIv2/zmleS9BjJVeZ6kBagPoEUsqbVz/1A=
github.com/go-logr/logr v1.2.4 h1:g01GSCwiDw2xSZfjJ2/T9M+S6pFdcNtFYsp+Y43HYDQ=
github.com/go-logr/logr v1.2.4/go.mod h1:jdQByPbusPIv2/zmleS9BjJVeZ6kBagPoEUsqbVz/1A=
github.com/go-logr/stdr v1.2.2 h1:hSWxHoqTgW2S2qGc0LTAI563KZ5YKYRhT3MFKZMbjag=
github.com/go-logr/stdr v1.2.2/go.mod h1:mMo/vtBO5dYbehREoey6XUKy/eSumjCCveDpRre4VKE=
github.com/golang-jwt/jwt v3.2.2+incompatible h1:IfV12K8xAKAnZqdXVzCZ+TOjboZ2keLg81eXfW3O+oY=
github.com/golang-jwt/jwt v3.2.2+incompatible/go.mod h1:8pz2t5EyA70fFQQSrl6XZXzqecmYZeUEB8OUGHkxJ+I=
github.com/golang/glog v1.1.1 h1:jxpi2eWoU84wbX9iIEyAeeoac3FLuifZpY9tcNUD9kw=
github.com/golang/protobuf v1.5.0/go.mod h1:FsONVRAS9T7sI+LIUmWTfcYkHO4aIWwzhcaSAoJOfIk=
github.com/golang/protobuf v1.5.3 h1:KhyjKVUg7Usr/dYsdSqoFveMYd5ko72D+zANwlG1mmg=
github.com/golang/protobuf v1.5.3/go.mod h1:XVQd3VNwM+JqD3oG2Ue2ip4fOMUkwXdXDdiuN0vRsmY=
github.com/google/go-cmp v0.5.5/go.mod h1:v8dTdLbMG2kIc/vJvl+f65V22dbkXbowE6jgT/gNBxE=
github.com/google/go-cmp v0.5.9 h1:O2Tfq5qg4qc4AmwVlvv0oLiVAGB7enBSJ2x2DqQFi38=
github.com/grpc-ecosystem/grpc-gateway/v2 v2.18.0 h1:RtRsiaGvWxcwd8y3BiRZxsylPT8hLWZ5SPcfI+3IDNk=
github.com/grpc-ecosystem/grpc-gateway/v2 v2.18.0/go.mod h1:TzP6duP4Py2pHLVPPQp42aoYI92+PCrVotyR5e8Vqlk=
github.com/labstack/echo/v4 v4.11.1 h1:dEpLU2FLg4UVmvCGPuk/APjlH6GDpbEPti61srUUUs4=
github.com/labstack/echo/v4 v4.11.1/go.mod h1:YuYRTSM3CHs2ybfrL8Px48bO6BAnYIN4l8wSTMP6BDQ=
github.com/labstack/gommon v0.4.0 h1:y7cvthEAEbU0yHOf4axH8ZG2NH8knB9iNSoTO8dyIk8=
github.com/labstack/gommon v0.4.0/go.mod h1:uW6kP17uPlLJsD3ijUYn3/M5bAxtlZhMI6m3MFxTMTM=
github.com/mattn/go-colorable v0.1.11/go.mod h1:u5H1YNBxpqRaxsYJYSkiCWKzEfiAb1Gb520KVy5xxl4=
github.com/mattn/go-colorable v0.1.13 h1:fFA4WZxdEF4tXPZVKMLwD8oUnCTTo08duU7wxecdEvA=
github.com/mattn/go-colorable v0.1.13/go.mod h1:7S9/ev0klgBDR4GtXTXX8a3vIGJpMovkB8vQcUbaXHg=
github.com/mattn/go-isatty v0.0.14/go.mod h1:7GGIvUiUoEMVVmxf/4nioHXj79iQHKdU27kJ6hsGG94=
github.com/mattn/go-isatty v0.0.16/go.mod h1:kYGgaQfpe5nmfYZH+SKPsOc2e4SrIfOl2e/yFXSvRLM=
github.com/mattn/go-isatty v0.0.19 h1:JITubQf0MOLdlGRuRq+jtsDlekdYPia9ZFsB8h/APPA=
github.com/mattn/go-isatty v0.0.19/go.mod h1:W+V8PltTTMOvKvAeJH7IuucS94S2C6jfK/D7dTCTo3Y=
github.com/pmezard/go-difflib v1.0.0 h1:4DBwDE0NGyQoBHbLQYPwSUPoCMWR5BEzIk/f1lZbAQM=
github.com/pmezard/go-difflib v1.0.0/go.mod h1:iKH77koFhYxTK1pcRnkKkqfTogsbg7gZNVY4sRDYZ/4=
github.com/stretchr/objx v0.1.0/go.mod h1:HFkY916IF+rwdDfMAkV7OtwuqBVzrE8GR6GFx+wExME=
github.com/stretchr/objx v0.5.0 h1:1zr/of2m5FGMsad5YfcqgdqdWrIhu+EBEJRhR1U7z/c=
github.com/stretchr/testify v1.7.0/go.mod h1:6Fq8oRcR53rry900zMqJjRRixrwX3KX962/h/Wwjteg=
github.com/stretchr/testify v1.8.4 h1:CcVxjf3Q8PM0mHUKJCdn+eZZtm5yQwehR5yeSVQQcUk=
github.com/uptrace/uptrace-go v1.18.0 h1:RY15qy19C0irbe2UCxQbjenk8WyUdvUV756R9ZpqCGI=
github.com/uptrace/uptrace-go v1.18.0/go.mod h1:BUW3sFgEyRmZIxts4cv6TGaJnWAW95uW78GIiSdChOQ=
github.com/valyala/bytebufferpool v1.0.0 h1:GqA5TC/0021Y/b9FG4Oi9Mr3q7XYx6KllzawFIhcdPw=
github.com/valyala/bytebufferpool v1.0.0/go.mod h1:6bBcMArwyJ5K/AmCkWv1jt77kVWyCJ6HpOuEn7z0Csc=
github.com/valyala/fasttemplate v1.2.1/go.mod h1:KHLXt3tVN2HBp8eijSv/kGJopbvo7S+qRAEEKiv+SiQ=
github.com/valyala/fasttemplate v1.2.2 h1:lxLXG0uE3Qnshl9QyaK6XJxMXlQZELvChBOCmQD0Loo=
github.com/valyala/fasttemplate v1.2.2/go.mod h1:KHLXt3tVN2HBp8eijSv/kGJopbvo7S+qRAEEKiv+SiQ=
go.opentelemetry.io/contrib/instrumentation/github.com/labstack/echo/otelecho v0.44.0 h1:9n9+SOwuCyZ0L8SbQYjZ5H+GKojHN3Kl8pBLwBUQqhk=
go.opentelemetry.io/contrib/instrumentation/github.com/labstack/echo/otelecho v0.44.0/go.mod h1:Wa9/q2K5L+ftWke2iekGNqVzwBWqyhI5OhtHKU7Qe04=
go.opentelemetry.io/contrib/instrumentation/runtime v0.44.0 h1:TXu20nL4yYfJlQeqG/D3Ia6b0p2HZmLfJto9hqJTQ/c=
go.opentelemetry.io/contrib/instrumentation/runtime v0.44.0/go.mod h1:tQ5gBnfjndV1su3+DiLuu6rnd9hBBzg4rkRILnjSNFg=
go.opentelemetry.io/contrib/propagators/b3 v1.19.0 h1:ulz44cpm6V5oAeg5Aw9HyqGFMS6XM7untlMEhD7YzzA=
go.opentelemetry.io/otel v1.18.0 h1:TgVozPGZ01nHyDZxK5WGPFB9QexeTMXEH7+tIClWfzs=
go.opentelemetry.io/otel v1.18.0/go.mod h1:9lWqYO0Db579XzVuCKFNPDl4s73Voa+zEck3wHaAYQI=
go.opentelemetry.io/otel/exporters/jaeger v1.17.0 h1:D7UpUy2Xc2wsi1Ras6V40q806WM07rqoCWzXu7Sqy+4=
go.opentelemetry.io/otel/exporters/jaeger v1.17.0/go.mod h1:nPCqOnEH9rNLKqH/+rrUjiMzHJdV1BlpKcTwRTyKkKI=
go.opentelemetry.io/otel/exporters/otlp/otlpmetric v0.41.0 h1:k0k7hFNDd8K4iOMJXj7s8sHaC4mhTlAeppRmZXLgZ6k=
go.opentelemetry.io/otel/exporters/otlp/otlpmetric v0.41.0/go.mod h1:hG4Fj/y8TR/tlEDREo8tWstl9fO9gcFkn4xrx0Io8xU=
go.opentelemetry.io/otel/exporters/otlp/otlpmetric/otlpmetricgrpc v0.41.0 h1:HgbDTD8pioFdY3NRc/YCvsWjqQPtweGyXxa32LgnTOw=
go.opentelemetry.io/otel/exporters/otlp/otlpmetric/otlpmetricgrpc v0.41.0/go.mod h1:tmvt/yK5Es5d6lHYWerLSOna8lCEfrBVX/a9M0ggqss=
go.opentelemetry.io/otel/exporters/otlp/otlptrace v1.18.0 h1:IAtl+7gua134xcV3NieDhJHjjOVeJhXAnYf/0hswjUY=
go.opentelemetry.io/otel/exporters/otlp/otlptrace v1.18.0/go.mod h1:w+pXobnBzh95MNIkeIuAKcHe/Uu/CX2PKIvBP6ipKRA=
go.opentelemetry.io/otel/exporters/otlp/otlptrace/otlptracegrpc v1.18.0 h1:yE32ay7mJG2leczfREEhoW3VfSZIvHaB+gvVo1o8DQ8=
go.opentelemetry.io/otel/exporters/otlp/otlptrace/otlptracegrpc v1.18.0/go.mod h1:G17FHPDLt74bCI7tJ4CMitEk4BXTYG4FW6XUpkPBXa4=
go.opentelemetry.io/otel/exporters/stdout/stdouttrace v1.18.0 h1:hSWWvDjXHVLq9DkmB+77fl8v7+t+yYiS+eNkiplDK54=
go.opentelemetry.io/otel/exporters/stdout/stdouttrace v1.18.0/go.mod h1:zG7KQql1WjZCaUJd+L/ReSYx4bjbYJxg5ws9ws+mYes=
go.opentelemetry.io/otel/metric v1.18.0 h1:JwVzw94UYmbx3ej++CwLUQZxEODDj/pOuTCvzhtRrSQ=
go.opentelemetry.io/otel/metric v1.18.0/go.mod h1:nNSpsVDjWGfb7chbRLUNW+PBNdcSTHD4Uu5pfFMOI0k=
go.opentelemetry.io/otel/sdk v1.18.0 h1:e3bAB0wB3MljH38sHzpV/qWrOTCFrdZF2ct9F8rBkcY=
go.opentelemetry.io/otel/sdk v1.18.0/go.mod h1:1RCygWV7plY2KmdskZEDDBs4tJeHG92MdHZIluiYs/M=
go.opentelemetry.io/otel/sdk/metric v0.41.0 h1:c3sAt9/pQ5fSIUfl0gPtClV3HhE18DCVzByD33R/zsk=
go.opentelemetry.io/otel/sdk/metric v0.41.0/go.mod h1:PmOmSt+iOklKtIg5O4Vz9H/ttcRFSNTgii+E1KGyn1w=
go.opentelemetry.io/otel/trace v1.18.0 h1:NY+czwbHbmndxojTEKiSMHkG2ClNH2PwmcHrdo0JY10=
go.opentelemetry.io/otel/trace v1.18.0/go.mod h1:T2+SGJGuYZY3bjj5rgh/hN7KIrlpWC5nS8Mjvzckz+0=
go.opentelemetry.io/proto/otlp v1.0.0 h1:T0TX0tmXU8a3CbNXzEKGeU5mIVOdf0oykP+u2lIVU/I=
go.opentelemetry.io/proto/otlp v1.0.0/go.mod h1:Sy6pihPLfYHkr3NkUbEhGHFhINUSI/v80hjKIs5JXpM=
go.uber.org/goleak v1.2.1 h1:NBol2c7O1ZokfZ0LEU9K6Whx/KnwvepVetCUhtKja4A=
golang.org/x/crypto v0.13.0 h1:mvySKfSWJ+UKUii46M40LOvyWfN0s2U+46/jDd0e6Ck=
golang.org/x/crypto v0.13.0/go.mod h1:y6Z2r+Rw4iayiXXAIxJIDAJ1zMW4yaTpebo8fPOliYc=
golang.org/x/net v0.15.0 h1:ugBLEUaxABaB5AJqW9enI0ACdci2RUd4eP51NTBvuJ8=
golang.org/x/net v0.15.0/go.mod h1:idbUs1IY1+zTqbi8yxTbhexhEEk5ur9LInksu6HrEpk=
golang.org/x/sys v0.0.0-20210630005230-0f9fa26af87c/go.mod h1:oPkhp1MJrh7nUepCBck5+mAzfO9JrbApNNgaTdGDITg=
golang.org/x/sys v0.0.0-20210927094055-39ccf1dd6fa6/go.mod h1:oPkhp1MJrh7nUepCBck5+mAzfO9JrbApNNgaTdGDITg=
golang.org/x/sys v0.0.0-20211103235746-7861aae1554b/go.mod h1:oPkhp1MJrh7nUepCBck5+mAzfO9JrbApNNgaTdGDITg=
golang.org/x/sys v0.0.0-20220811171246-fbc7d0a398ab/go.mod h1:oPkhp1MJrh7nUepCBck5+mAzfO9JrbApNNgaTdGDITg=
golang.org/x/sys v0.6.0/go.mod h1:oPkhp1MJrh7nUepCBck5+mAzfO9JrbApNNgaTdGDITg=
golang.org/x/sys v0.12.0 h1:CM0HF96J0hcLAwsHPJZjfdNzs0gftsLfgKt57wWHJ0o=
golang.org/x/sys v0.12.0/go.mod h1:oPkhp1MJrh7nUepCBck5+mAzfO9JrbApNNgaTdGDITg=
golang.org/x/text v0.13.0 h1:ablQoSUd0tRdKxZewP80B+BaqeKJuVhuRxj/dkrun3k=
golang.org/x/text v0.13.0/go.mod h1:TvPlkZtksWOMsz7fbANvkp4WM8x/WCo/om8BMLbz+aE=
golang.org/x/time v0.3.0 h1:rg5rLMjNzMS1RkNLzCG38eapWhnYLFYXDXj2gOlr8j4=
golang.org/x/time v0.3.0/go.mod h1:tRJNPiyCQ0inRvYxbN9jk5I+vvW/OXSQhTDSoE431IQ=
golang.org/x/xerrors v0.0.0-20191204190536-9bdfabe68543/go.mod h1:I/5z698sn9Ka8TeJc9MKroUUfqBBauWjQqLJ2OPfmY0=
google.golang.org/genproto v0.0.0-20230913181813-007df8e322eb h1:XFBgcDwm7irdHTbz4Zk2h7Mh+eis4nfJEFQFYzJzuIA=
google.golang.org/genproto/googleapis/api v0.0.0-20230920204549-e6e6cdab5c13 h1:U7+wNaVuSTaUqNvK2+osJ9ejEZxbjHHk8F2b6Hpx0AE=
google.golang.org/genproto/googleapis/api v0.0.0-20230920204549-e6e6cdab5c13/go.mod h1:RdyHbowztCGQySiCvQPgWQWgWhGnouTdCflKoDBt32U=
google.golang.org/genproto/googleapis/rpc v0.0.0-20230920204549-e6e6cdab5c13 h1:N3bU/SQDCDyD6R528GJ/PwW9KjYcJA3dgyH+MovAkIM=
google.golang.org/genproto/googleapis/rpc v0.0.0-20230920204549-e6e6cdab5c13/go.mod h1:KSqppvjFjtoCI+KGd4PELB0qLNxdJHRGqRI09mB6pQA=
google.golang.org/grpc v1.58.2 h1:SXUpjxeVF3FKrTYQI4f4KvbGD5u2xccdYdurwowix5I=
google.golang.org/grpc v1.58.2/go.mod h1:tgX3ZQDlNJGU96V6yHh1T/JeoBQ2TXdr43YbYSsCJk0=
google.golang.org/protobuf v1.26.0-rc.1/go.mod h1:jlhhOSvTdKEhbULTjvd4ARK9grFBp09yW+WbY/TyQbw=
google.golang.org/protobuf v1.26.0/go.mod h1:9q0QmTI4eRPtz6boOQmLYwt+qCgq0jsYwAQnmE0givc=
google.golang.org/protobuf v1.31.0 h1:g0LDEJHgrBl9N9r17Ru3sqWhkIx2NB67okBHPwC7hs8=
google.golang.org/protobuf v1.31.0/go.mod h1:HV8QOd/L58Z+nl8r43ehVNZIU/HEI6OcFqwMG9pJV4I=
gopkg.in/check.v1 v0.0.0-20161208181325-20d25e280405/go.mod h1:Co6ibVJAznAaIkqp8huTwlJQCZ016jof/cbN4VW5Yz0=
gopkg.in/yaml.v3 v3.0.0-20200313102051-9f266ea9e77c/go.mod h1:K4uyk7z7BCEPqu6E+C64Yfv1cQ7kz7rIZviUmN+EgEM=
gopkg.in/yaml.v3 v3.0.0-20210107192922-496545a6307b/go.mod h1:K4uyk7z7BCEPqu6E+C64Yfv1cQ7kz7rIZviUmN+EgEM=
gopkg.in/yaml.v3 v3.0.1 h1:fxVm/GzAzEWqLHuvctI91KS9hhNmmWOoWu0XTYJS7CA=
